
Microsoft Visual Studio Solution File, Format Version 12.00
# Visual Studio Version 17
VisualStudioVersion = 17.8.34330.188
MinimumVisualStudioVersion = 10.0.40219.1
Project("{2150E333-8FDC-42A3-9474-1A3956D46DE8}") = "Core", "Core", "{71C52A04-FD66-49DE-BFDF-581C835D2A88}"
EndProject
Project("{9A19103F-16F7-4668-BE54-9A1E7A4F7556}") = "Constants", "Constants\Constants.csproj", "{C2CE12FE-68E7-4752-8D44-B8D42BEDA1D3}"
EndProject
Project("{9A19103F-16F7-4668-BE54-9A1E7A4F7556}") = "Domain", "Domain\Domain.csproj", "{F2DF8D69-5625-45FB-BF49-B404C8EAB688}"
EndProject
Project("{9A19103F-16F7-4668-BE54-9A1E7A4F7556}") = "Framework", "Framework\Framework.csproj", "{B9022886-669E-4931-B8A3-EF83E7CC0E1F}"
EndProject
Project("{9A19103F-16F7-4668-BE54-9A1E7A4F7556}") = "Framework.SMS", "Framework.SMS\Framework.SMS.csproj", "{CE4C13D7-1EB5-4F96-A06D-AE6A000DF4DC}"
EndProject
Project("{9A19103F-16F7-4668-BE54-9A1E7A4F7556}") = "Persistence", "Persistence\Persistence.csproj", "{8918B395-4074-4FDC-B0F0-0716D3B59C9E}"
EndProject
Project("{9A19103F-16F7-4668-BE54-9A1E7A4F7556}") = "Persistence.SQLite", "Persistence.SQLite\Persistence.SQLite.csproj", "{C9FCF812-4EF3-42F2-A061-A6948B83A53F}"
EndProject
Project("{9A19103F-16F7-4668-BE54-9A1E7A4F7556}") = "Persistence.SqlServer", "Persistence.SqlServer\Persistence.SqlServer.csproj", "{9920A232-231C-490D-89FD-667CF331B269}"
EndProject
Project("{9A19103F-16F7-4668-BE54-9A1E7A4F7556}") = "Resources", "Resources\Resources.csproj", "{7EF1D5BB-9E21-410C-996D-8BB0D9E75E14}"
EndProject
Project("{9A19103F-16F7-4668-BE54-9A1E7A4F7556}") = "ViewModels", "ViewModels\ViewModels.csproj", "{346A43F5-DE7B-4839-8C96-1FD7470AF642}"
EndProject
Project("{2150E333-8FDC-42A3-9474-1A3956D46DE8}") = "Persistence", "Persistence", "{88FC5AAD-51E4-42CC-96A5-C1CA95A31327}"
EndProject
Project("{2150E333-8FDC-42A3-9474-1A3956D46DE8}") = "Framework", "Framework", "{FA39897D-861D-48B7-8F2B-937FC2E193B3}"
EndProject
Project("{2150E333-8FDC-42A3-9474-1A3956D46DE8}") = "Presentation", "Presentation", "{43A4F223-C7DB-4838-9AAA-2D25F1A10C14}"
EndProject
Project("{9A19103F-16F7-4668-BE54-9A1E7A4F7556}") = "Server", "Server\Server.csproj", "{C3290D7D-3F70-4E71-9F57-57ACBCB2C09F}"
EndProject
Project("{2150E333-8FDC-42A3-9474-1A3956D46DE8}") = "src", "src", "{3B6FD566-0CEE-40D0-97B0-1E4D48AE4395}"
EndProject
Project("{2150E333-8FDC-42A3-9474-1A3956D46DE8}") = "dcoument", "dcoument", "{71F94D11-3A20-4D5D-AECD-5AF76B53E7CD}"
	ProjectSection(SolutionItems) = preProject
		document PWA AMC.docx = document PWA AMC.docx
	EndProjectSection
EndProject
Global
	GlobalSection(SolutionConfigurationPlatforms) = preSolution
		Debug|Any CPU = Debug|Any CPU
		Release|Any CPU = Release|Any CPU
	EndGlobalSection
	GlobalSection(ProjectConfigurationPlatforms) = postSolution
		{C2CE12FE-68E7-4752-8D44-B8D42BEDA1D3}.Debug|Any CPU.ActiveCfg = Debug|Any CPU
		{C2CE12FE-68E7-4752-8D44-B8D42BEDA1D3}.Debug|Any CPU.Build.0 = Debug|Any CPU
		{C2CE12FE-68E7-4752-8D44-B8D42BEDA1D3}.Release|Any CPU.ActiveCfg = Release|Any CPU
		{C2CE12FE-68E7-4752-8D44-B8D42BEDA1D3}.Release|Any CPU.Build.0 = Release|Any CPU
		{F2DF8D69-5625-45FB-BF49-B404C8EAB688}.Debug|Any CPU.ActiveCfg = Debug|Any CPU
		{F2DF8D69-5625-45FB-BF49-B404C8EAB688}.Debug|Any CPU.Build.0 = Debug|Any CPU
		{F2DF8D69-5625-45FB-BF49-B404C8EAB688}.Release|Any CPU.ActiveCfg = Release|Any CPU
		{F2DF8D69-5625-45FB-BF49-B404C8EAB688}.Release|Any CPU.Build.0 = Release|Any CPU
		{B9022886-669E-4931-B8A3-EF83E7CC0E1F}.Debug|Any CPU.ActiveCfg = Debug|Any CPU
		{B9022886-669E-4931-B8A3-EF83E7CC0E1F}.Debug|Any CPU.Build.0 = Debug|Any CPU
		{B9022886-669E-4931-B8A3-EF83E7CC0E1F}.Release|Any CPU.ActiveCfg = Release|Any CPU
		{B9022886-669E-4931-B8A3-EF83E7CC0E1F}.Release|Any CPU.Build.0 = Release|Any CPU
		{CE4C13D7-1EB5-4F96-A06D-AE6A000DF4DC}.Debug|Any CPU.ActiveCfg = Debug|Any CPU
		{CE4C13D7-1EB5-4F96-A06D-AE6A000DF4DC}.Debug|Any CPU.Build.0 = Debug|Any CPU
		{CE4C13D7-1EB5-4F96-A06D-AE6A000DF4DC}.Release|Any CPU.ActiveCfg = Release|Any CPU
		{CE4C13D7-1EB5-4F96-A06D-AE6A000DF4DC}.Release|Any CPU.Build.0 = Release|Any CPU
		{8918B395-4074-4FDC-B0F0-0716D3B59C9E}.Debug|Any CPU.ActiveCfg = Debug|Any CPU
		{8918B395-4074-4FDC-B0F0-0716D3B59C9E}.Debug|Any CPU.Build.0 = Debug|Any CPU
		{8918B395-4074-4FDC-B0F0-0716D3B59C9E}.Release|Any CPU.ActiveCfg = Release|Any CPU
		{8918B395-4074-4FDC-B0F0-0716D3B59C9E}.Release|Any CPU.Build.0 = Release|Any CPU
		{C9FCF812-4EF3-42F2-A061-A6948B83A53F}.Debug|Any CPU.ActiveCfg = Debug|Any CPU
		{C9FCF812-4EF3-42F2-A061-A6948B83A53F}.Debug|Any CPU.Build.0 = Debug|Any CPU
		{C9FCF812-4EF3-42F2-A061-A6948B83A53F}.Release|Any CPU.ActiveCfg = Release|Any CPU
		{C9FCF812-4EF3-42F2-A061-A6948B83A53F}.Release|Any CPU.Build.0 = Release|Any CPU
		{9920A232-231C-490D-89FD-667CF331B269}.Debug|Any CPU.ActiveCfg = Debug|Any CPU
		{9920A232-231C-490D-89FD-667CF331B269}.Debug|Any CPU.Build.0 = Debug|Any CPU
		{9920A232-231C-490D-89FD-667CF331B269}.Release|Any CPU.ActiveCfg = Release|Any CPU
		{9920A232-231C-490D-89FD-667CF331B269}.Release|Any CPU.Build.0 = Release|Any CPU
		{7EF1D5BB-9E21-410C-996D-8BB0D9E75E14}.Debug|Any CPU.ActiveCfg = Debug|Any CPU
		{7EF1D5BB-9E21-410C-996D-8BB0D9E75E14}.Debug|Any CPU.Build.0 = Debug|Any CPU
		{7EF1D5BB-9E21-410C-996D-8BB0D9E75E14}.Release|Any CPU.ActiveCfg = Release|Any CPU
		{7EF1D5BB-9E21-410C-996D-8BB0D9E75E14}.Release|Any CPU.Build.0 = Release|Any CPU
		{346A43F5-DE7B-4839-8C96-1FD7470AF642}.Debug|Any CPU.ActiveCfg = Debug|Any CPU
		{346A43F5-DE7B-4839-8C96-1FD7470AF642}.Debug|Any CPU.Build.0 = Debug|Any CPU
		{346A43F5-DE7B-4839-8C96-1FD7470AF642}.Release|Any CPU.ActiveCfg = Release|Any CPU
		{346A43F5-DE7B-4839-8C96-1FD7470AF642}.Release|Any CPU.Build.0 = Release|Any CPU
		{C3290D7D-3F70-4E71-9F57-57ACBCB2C09F}.Debug|Any CPU.ActiveCfg = Debug|Any CPU
		{C3290D7D-3F70-4E71-9F57-57ACBCB2C09F}.Debug|Any CPU.Build.0 = Debug|Any CPU
		{C3290D7D-3F70-4E71-9F57-57ACBCB2C09F}.Release|Any CPU.ActiveCfg = Release|Any CPU
		{C3290D7D-3F70-4E71-9F57-57ACBCB2C09F}.Release|Any CPU.Build.0 = Release|Any CPU
	EndGlobalSection
	GlobalSection(SolutionProperties) = preSolution
		HideSolutionNode = FALSE
	EndGlobalSection
	GlobalSection(NestedProjects) = preSolution
		{71C52A04-FD66-49DE-BFDF-581C835D2A88} = {3B6FD566-0CEE-40D0-97B0-1E4D48AE4395}
		{C2CE12FE-68E7-4752-8D44-B8D42BEDA1D3} = {71C52A04-FD66-49DE-BFDF-581C835D2A88}
		{F2DF8D69-5625-45FB-BF49-B404C8EAB688} = {71C52A04-FD66-49DE-BFDF-581C835D2A88}
		{B9022886-669E-4931-B8A3-EF83E7CC0E1F} = {FA39897D-861D-48B7-8F2B-937FC2E193B3}
		{CE4C13D7-1EB5-4F96-A06D-AE6A000DF4DC} = {FA39897D-861D-48B7-8F2B-937FC2E193B3}
		{8918B395-4074-4FDC-B0F0-0716D3B59C9E} = {88FC5AAD-51E4-42CC-96A5-C1CA95A31327}
		{C9FCF812-4EF3-42F2-A061-A6948B83A53F} = {88FC5AAD-51E4-42CC-96A5-C1CA95A31327}
		{9920A232-231C-490D-89FD-667CF331B269} = {88FC5AAD-51E4-42CC-96A5-C1CA95A31327}
		{7EF1D5BB-9E21-410C-996D-8BB0D9E75E14} = {71C52A04-FD66-49DE-BFDF-581C835D2A88}
		{346A43F5-DE7B-4839-8C96-1FD7470AF642} = {71C52A04-FD66-49DE-BFDF-581C835D2A88}
		{88FC5AAD-51E4-42CC-96A5-C1CA95A31327} = {3B6FD566-0CEE-40D0-97B0-1E4D48AE4395}
		{FA39897D-861D-48B7-8F2B-937FC2E193B3} = {3B6FD566-0CEE-40D0-97B0-1E4D48AE4395}
		{43A4F223-C7DB-4838-9AAA-2D25F1A10C14} = {3B6FD566-0CEE-40D0-97B0-1E4D48AE4395}
		{C3290D7D-3F70-4E71-9F57-57ACBCB2C09F} = {43A4F223-C7DB-4838-9AAA-2D25F1A10C14}
	EndGlobalSection
	GlobalSection(ExtensibilityGlobals) = postSolution
		SolutionGuid = {A5326E9F-DE87-4CAF-8EBC-78EDEB7A3760}
	EndGlobalSection
EndGlobal
